
Microsoft Visual Studio Solution File, Format Version 12.00
# Visual Studio Version 17
VisualStudioVersion = 17.3.32819.101
MinimumVisualStudioVersion = 10.0.40219.1
Project("{FAE04EC0-301F-11D3-BF4B-00C04F79EFBC}") = "Deliverable3", "Deliverable3\Deliverable3.csproj", "{BDAAC347-7B52-4D8F-882E-DDE3F27D9B22}"
EndProject
Global
	GlobalSection(SolutionConfigurationPlatforms) = preSolution
		Debug|Any CPU = Debug|Any CPU
		Release|Any CPU = Release|Any CPU
	EndGlobalSection
	GlobalSection(ProjectConfigurationPlatforms) = postSolution
		{BDAAC347-7B52-4D8F-882E-DDE3F27D9B22}.Debug|Any CPU.ActiveCfg = Debug|Any CPU
		{BDAAC347-7B52-4D8F-882E-DDE3F27D9B22}.Debug|Any CPU.Build.0 = Debug|Any CPU
		{BDAAC347-7B52-4D8F-882E-DDE3F27D9B22}.Release|Any CPU.ActiveCfg = Release|Any CPU
		{BDAAC347-7B52-4D8F-882E-DDE3F27D9B22}.Release|Any CPU.Build.0 = Release|Any CPU
	EndGlobalSection
	GlobalSection(SolutionProperties) = preSolution
		HideSolutionNode = FALSE
	EndGlobalSection
	GlobalSection(ExtensibilityGlobals) = postSolution
		SolutionGuid = {FCA31DF8-02E3-42DB-B07D-603BE1B8EEE8}
	EndGlobalSection
EndGlobal
